
Microsoft Visual Studio Solution File, Format Version 12.00
# Visual Studio Version 17
VisualStudioVersion = 17.11.35327.3
MinimumVisualStudioVersion = 10.0.40219.1
Project("{FAE04EC0-301F-11D3-BF4B-00C04F79EFBC}") = "TestMVCWithBlazor", "TestMVCWithBlazor\TestMVCWithBlazor.csproj", "{9A26C038-B40D-4CC2-A45D-33F121D95BDA}"
EndProject
Global
	GlobalSection(SolutionConfigurationPlatforms) = preSolution
		Debug|Any CPU = Debug|Any CPU
		Release|Any CPU = Release|Any CPU
	EndGlobalSection
	GlobalSection(ProjectConfigurationPlatforms) = postSolution
		{9A26C038-B40D-4CC2-A45D-33F121D95BDA}.Debug|Any CPU.ActiveCfg = Debug|Any CPU
		{9A26C038-B40D-4CC2-A45D-33F121D95BDA}.Debug|Any CPU.Build.0 = Debug|Any CPU
		{9A26C038-B40D-4CC2-A45D-33F121D95BDA}.Release|Any CPU.ActiveCfg = Release|Any CPU
		{9A26C038-B40D-4CC2-A45D-33F121D95BDA}.Release|Any CPU.Build.0 = Release|Any CPU
	EndGlobalSection
	GlobalSection(SolutionProperties) = preSolution
		HideSolutionNode = FALSE
	EndGlobalSection
	GlobalSection(ExtensibilityGlobals) = postSolution
		SolutionGuid = {E0F0EF39-2A7D-4942-8750-0274BD0DFB1F}
	EndGlobalSection
EndGlobal
